{
  "requires": true,
  "lockfileVersion": 1,
  "dependencies": {
    "html5-boilerplate": {
      "version": "7.2.0",
      "resolved": "https://registry.npmjs.org/html5-boilerplate/-/html5-boilerplate-7.2.0.tgz",
      "integrity": "sha512-hakddjRFem1aPrJH3EzMK9xJEMeQWl/Mr6oXIElhtwwIa245fYXG7+od9BquvRjyFjAj3Pxafg3F1ItW8F9Y5Q=="
    }
  }
}
